// !$*UTF8*$!
{
	archiveVersion = 1;
	classes = {
	};
	objectVersion = 55;
	objects = {

/* Begin PBXBuildFile section */
		920EBAD72846352000AFB78E /* SplashView.swift in Sources */ = {isa = PBXBuildFile; fileRef = 920EBAD62846352000AFB78E /* SplashView.swift */; };
		920EBAD92846356700AFB78E /* HomeView.swift in Sources */ = {isa = PBXBuildFile; fileRef = 920EBAD82846356700AFB78E /* HomeView.swift */; };
		920EBADB2846364B00AFB78E /* GameColorView.swift in Sources */ = {isa = PBXBuildFile; fileRef = 920EBADA2846364B00AFB78E /* GameColorView.swift */; };
		929AF17A2845006100E43F51 /* ZespaceApp.swift in Sources */ = {isa = PBXBuildFile; fileRef = 929AF1792845006100E43F51 /* ZespaceApp.swift */; };
		929AF17C2845006100E43F51 /* ContentView.swift in Sources */ = {isa = PBXBuildFile; fileRef = 929AF17B2845006100E43F51 /* ContentView.swift */; };
		929AF17E2845006500E43F51 /* Assets.xcassets in Resources */ = {isa = PBXBuildFile; fileRef = 929AF17D2845006500E43F51 /* Assets.xcassets */; };
		929AF1812845006500E43F51 /* Preview Assets.xcassets in Resources */ = {isa = PBXBuildFile; fileRef = 929AF1802845006500E43F51 /* Preview Assets.xcassets */; };
		929AF18B2845006500E43F51 /* ZespaceTests.swift in Sources */ = {isa = PBXBuildFile; fileRef = 929AF18A2845006500E43F51 /* ZespaceTests.swift */; };
		929AF1952845006500E43F51 /* ZespaceUITests.swift in Sources */ = {isa = PBXBuildFile; fileRef = 929AF1942845006500E43F51 /* ZespaceUITests.swift */; };
		929AF1972845006500E43F51 /* ZespaceUITestsLaunchTests.swift in Sources */ = {isa = PBXBuildFile; fileRef = 929AF1962845006500E43F51 /* ZespaceUITestsLaunchTests.swift */; };
		92C48CBC2847A7F5001C83F8 /* QrCodeScannerView.swift in Sources */ = {isa = PBXBuildFile; fileRef = 92C48CBB2847A7F5001C83F8 /* QrCodeScannerView.swift */; };
		92C48CC52847AF11001C83F8 /* CodeScanner in Frameworks */ = {isa = PBXBuildFile; productRef = 92C48CC42847AF11001C83F8 /* CodeScanner */; };
/* End PBXBuildFile section */

/* Begin PBXContainerItemProxy section */
		929AF1872845006500E43F51 /* PBXContainerItemProxy */ = {
			isa = PBXContainerItemProxy;
			containerPortal = 929AF16E2845006100E43F51 /* Project object */;
			proxyType = 1;
			remoteGlobalIDString = 929AF1752845006100E43F51;
			remoteInfo = Zespace;
		};
		929AF1912845006500E43F51 /* PBXContainerItemProxy */ = {
			isa = PBXContainerItemProxy;
			containerPortal = 929AF16E2845006100E43F51 /* Project object */;
			proxyType = 1;
			remoteGlobalIDString = 929AF1752845006100E43F51;
			remoteInfo = Zespace;
		};
/* End PBXContainerItemProxy section */

/* Begin PBXFileReference section */
		920EBAD62846352000AFB78E /* SplashView.swift */ = {isa = PBXFileReference; lastKnownFileType = sourcecode.swift; path = SplashView.swift; sourceTree = "<group>"; };
		920EBAD82846356700AFB78E /* HomeView.swift */ = {isa = PBXFileReference; lastKnownFileType = sourcecode.swift; path = HomeView.swift; sourceTree = "<group>"; };
		920EBADA2846364B00AFB78E /* GameColorView.swift */ = {isa = PBXFileReference; lastKnownFileType = sourcecode.swift; path = GameColorView.swift; sourceTree = "<group>"; };
		929AF1762845006100E43F51 /* Zescape.app */ = {isa = PBXFileReference; explicitFileType = wrapper.application; includeInIndex = 0; path = Zescape.app; sourceTree = BUILT_PRODUCTS_DIR; };
		929AF1792845006100E43F51 /* ZespaceApp.swift */ = {isa = PBXFileReference; lastKnownFileType = sourcecode.swift; path = ZespaceApp.swift; sourceTree = "<group>"; };
		929AF17B2845006100E43F51 /* ContentView.swift */ = {isa = PBXFileReference; lastKnownFileType = sourcecode.swift; path = ContentView.swift; sourceTree = "<group>"; };
		929AF17D2845006500E43F51 /* Assets.xcassets */ = {isa = PBXFileReference; lastKnownFileType = folder.assetcatalog; path = Assets.xcassets; sourceTree = "<group>"; };
		929AF1802845006500E43F51 /* Preview Assets.xcassets */ = {isa = PBXFileReference; lastKnownFileType = folder.assetcatalog; path = "Preview Assets.xcassets"; sourceTree = "<group>"; };
		929AF1862845006500E43F51 /* ZescapeTests.xctest */ = {isa = PBXFileReference; explicitFileType = wrapper.cfbundle; includeInIndex = 0; path = ZescapeTests.xctest; sourceTree = BUILT_PRODUCTS_DIR; };
		929AF18A2845006500E43F51 /* ZespaceTests.swift */ = {isa = PBXFileReference; lastKnownFileType = sourcecode.swift; path = ZespaceTests.swift; sourceTree = "<group>"; };
		929AF1902845006500E43F51 /* ZescapeUITests.xctest */ = {isa = PBXFileReference; explicitFileType = wrapper.cfbundle; includeInIndex = 0; path = ZescapeUITests.xctest; sourceTree = BUILT_PRODUCTS_DIR; };
		929AF1942845006500E43F51 /* ZespaceUITests.swift */ = {isa = PBXFileReference; lastKnownFileType = sourcecode.swift; path = ZespaceUITests.swift; sourceTree = "<group>"; };
		929AF1962845006500E43F51 /* ZespaceUITestsLaunchTests.swift */ = {isa = PBXFileReference; lastKnownFileType = sourcecode.swift; path = ZespaceUITestsLaunchTests.swift; sourceTree = "<group>"; };
		92C48CBB2847A7F5001C83F8 /* QrCodeScannerView.swift */ = {isa = PBXFileReference; lastKnownFileType = sourcecode.swift; path = QrCodeScannerView.swift; sourceTree = "<group>"; };
/* End PBXFileReference section */

/* Begin PBXFrameworksBuildPhase section */
		929AF1732845006100E43F51 /* Frameworks */ = {
			isa = PBXFrameworksBuildPhase;
			buildActionMask = 2147483647;
			files = (
				92C48CC52847AF11001C83F8 /* CodeScanner in Frameworks */,
			);
			runOnlyForDeploymentPostprocessing = 0;
		};
		929AF1832845006500E43F51 /* Frameworks */ = {
			isa = PBXFrameworksBuildPhase;
			buildActionMask = 2147483647;
			files = (
			);
			runOnlyForDeploymentPostprocessing = 0;
		};
		929AF18D2845006500E43F51 /* Frameworks */ = {
			isa = PBXFrameworksBuildPhase;
			buildActionMask = 2147483647;
			files = (
			);
			runOnlyForDeploymentPostprocessing = 0;
		};
/* End PBXFrameworksBuildPhase section */

/* Begin PBXGroup section */
		928C77DF28461273008E2085 /* Views */ = {
			isa = PBXGroup;
			children = (
				920EBAD62846352000AFB78E /* SplashView.swift */,
				920EBAD82846356700AFB78E /* HomeView.swift */,
				920EBADA2846364B00AFB78E /* GameColorView.swift */,
				92C48CBB2847A7F5001C83F8 /* QrCodeScannerView.swift */,
			);
			path = Views;
			sourceTree = "<group>";
		};
		929AF16D2845006100E43F51 = {
			isa = PBXGroup;
			children = (
				929AF1782845006100E43F51 /* Zescape */,
				929AF1892845006500E43F51 /* ZespaceTests */,
				929AF1932845006500E43F51 /* ZespaceUITests */,
				929AF1772845006100E43F51 /* Products */,
			);
			sourceTree = "<group>";
		};
		929AF1772845006100E43F51 /* Products */ = {
			isa = PBXGroup;
			children = (
				929AF1762845006100E43F51 /* Zescape.app */,
				929AF1862845006500E43F51 /* ZescapeTests.xctest */,
				929AF1902845006500E43F51 /* ZescapeUITests.xctest */,
			);
			name = Products;
			sourceTree = "<group>";
		};
		929AF1782845006100E43F51 /* Zescape */ = {
			isa = PBXGroup;
			children = (
				92C48CB228479F14001C83F8 /* Delegate */,
				92C48CAD284776D4001C83F8 /* ViewModel */,
				928C77DF28461273008E2085 /* Views */,
				929AF1792845006100E43F51 /* ZespaceApp.swift */,
				929AF17B2845006100E43F51 /* ContentView.swift */,
				929AF17D2845006500E43F51 /* Assets.xcassets */,
				929AF17F2845006500E43F51 /* Preview Content */,
			);
			path = Zescape;
			sourceTree = "<group>";
		};
		929AF17F2845006500E43F51 /* Preview Content */ = {
			isa = PBXGroup;
			children = (
				929AF1802845006500E43F51 /* Preview Assets.xcassets */,
			);
			path = "Preview Content";
			sourceTree = "<group>";
		};
		929AF1892845006500E43F51 /* ZespaceTests */ = {
			isa = PBXGroup;
			children = (
				929AF18A2845006500E43F51 /* ZespaceTests.swift */,
			);
			path = ZespaceTests;
			sourceTree = "<group>";
		};
		929AF1932845006500E43F51 /* ZespaceUITests */ = {
			isa = PBXGroup;
			children = (
				929AF1942845006500E43F51 /* ZespaceUITests.swift */,
				929AF1962845006500E43F51 /* ZespaceUITestsLaunchTests.swift */,
			);
			path = ZespaceUITests;
			sourceTree = "<group>";
		};
		92C48CAD284776D4001C83F8 /* ViewModel */ = {
			isa = PBXGroup;
			children = (
			);
			path = ViewModel;
			sourceTree = "<group>";
		};
		92C48CB228479F14001C83F8 /* Delegate */ = {
			isa = PBXGroup;
			children = (
			);
			path = Delegate;
			sourceTree = "<group>";
		};
/* End PBXGroup section */

/* Begin PBXNativeTarget section */
		929AF1752845006100E43F51 /* Zescape */ = {
			isa = PBXNativeTarget;
			buildConfigurationList = 929AF19A2845006500E43F51 /* Build configuration list for PBXNativeTarget "Zescape" */;
			buildPhases = (
				929AF1722845006100E43F51 /* Sources */,
				929AF1732845006100E43F51 /* Frameworks */,
				929AF1742845006100E43F51 /* Resources */,
			);
			buildRules = (
			);
			dependencies = (
			);
			name = Zescape;
			packageProductDependencies = (
				92C48CC42847AF11001C83F8 /* CodeScanner */,
			);
			productName = Zespace;
			productReference = 929AF1762845006100E43F51 /* Zescape.app */;
			productType = "com.apple.product-type.application";
		};
		929AF1852845006500E43F51 /* ZescapeTests */ = {
			isa = PBXNativeTarget;
			buildConfigurationList = 929AF19D2845006500E43F51 /* Build configuration list for PBXNativeTarget "ZescapeTests" */;
			buildPhases = (
				929AF1822845006500E43F51 /* Sources */,
				929AF1832845006500E43F51 /* Frameworks */,
				929AF1842845006500E43F51 /* Resources */,
			);
			buildRules = (
			);
			dependencies = (
				929AF1882845006500E43F51 /* PBXTargetDependency */,
			);
			name = ZescapeTests;
			productName = ZespaceTests;
			productReference = 929AF1862845006500E43F51 /* ZescapeTests.xctest */;
			productType = "com.apple.product-type.bundle.unit-test";
		};
		929AF18F2845006500E43F51 /* ZescapeUITests */ = {
			isa = PBXNativeTarget;
			buildConfigurationList = 929AF1A02845006500E43F51 /* Build configuration list for PBXNativeTarget "ZescapeUITests" */;
			buildPhases = (
				929AF18C2845006500E43F51 /* Sources */,
				929AF18D2845006500E43F51 /* Frameworks */,
				929AF18E2845006500E43F51 /* Resources */,
			);
			buildRules = (
			);
			dependencies = (
				929AF1922845006500E43F51 /* PBXTargetDependency */,
			);
			name = ZescapeUITests;
			productName = ZespaceUITests;
			productReference = 929AF1902845006500E43F51 /* ZescapeUITests.xctest */;
			productType = "com.apple.product-type.bundle.ui-testing";
		};
/* End PBXNativeTarget section */

/* Begin PBXProject section */
		929AF16E2845006100E43F51 /* Project object */ = {
			isa = PBXProject;
			attributes = {
				BuildIndependentTargetsInParallel = 1;
				LastSwiftUpdateCheck = 1330;
				LastUpgradeCheck = 1330;
				TargetAttributes = {
					929AF1752845006100E43F51 = {
						CreatedOnToolsVersion = 13.3;
					};
					929AF1852845006500E43F51 = {
						CreatedOnToolsVersion = 13.3;
						TestTargetID = 929AF1752845006100E43F51;
					};
					929AF18F2845006500E43F51 = {
						CreatedOnToolsVersion = 13.3;
						TestTargetID = 929AF1752845006100E43F51;
					};
				};
			};
			buildConfigurationList = 929AF1712845006100E43F51 /* Build configuration list for PBXProject "Zescape" */;
			compatibilityVersion = "Xcode 13.0";
			developmentRegion = en;
			hasScannedForEncodings = 0;
			knownRegions = (
				en,
				Base,
			);
			mainGroup = 929AF16D2845006100E43F51;
			packageReferences = (
				92C48CC32847AF11001C83F8 /* XCRemoteSwiftPackageReference "CodeScanner" */,
			);
			productRefGroup = 929AF1772845006100E43F51 /* Products */;
			projectDirPath = "";
			projectRoot = "";
			targets = (
				929AF1752845006100E43F51 /* Zescape */,
				929AF1852845006500E43F51 /* ZescapeTests */,
				929AF18F2845006500E43F51 /* ZescapeUITests */,
			);
		};
/* End PBXProject section */

/* Begin PBXResourcesBuildPhase section */
		929AF1742845006100E43F51 /* Resources */ = {
			isa = PBXResourcesBuildPhase;
			buildActionMask = 2147483647;
			files = (
				929AF1812845006500E43F51 /* Preview Assets.xcassets in Resources */,
				929AF17E2845006500E43F51 /* Assets.xcassets in Resources */,
			);
			runOnlyForDeploymentPostprocessing = 0;
		};
		929AF1842845006500E43F51 /* Resources */ = {
			isa = PBXResourcesBuildPhase;
			buildActionMask = 2147483647;
			files = (
			);
			runOnlyForDeploymentPostprocessing = 0;
		};
		929AF18E2845006500E43F51 /* Resources */ = {
			isa = PBXResourcesBuildPhase;
			buildActionMask = 2147483647;
			files = (
			);
			runOnlyForDeploymentPostprocessing = 0;
		};
/* End PBXResourcesBuildPhase section */

/* Begin PBXSourcesBuildPhase section */
		929AF1722845006100E43F51 /* Sources */ = {
			isa = PBXSourcesBuildPhase;
			buildActionMask = 2147483647;
			files = (
				920EBADB2846364B00AFB78E /* GameColorView.swift in Sources */,
				920EBAD72846352000AFB78E /* SplashView.swift in Sources */,
				920EBAD92846356700AFB78E /* HomeView.swift in Sources */,
				92C48CBC2847A7F5001C83F8 /* QrCodeScannerView.swift in Sources */,
				929AF17C2845006100E43F51 /* ContentView.swift in Sources */,
				929AF17A2845006100E43F51 /* ZespaceApp.swift in Sources */,
			);
			runOnlyForDeploymentPostprocessing = 0;
		};
		929AF1822845006500E43F51 /* Sources */ = {
			isa = PBXSourcesBuildPhase;
			buildActionMask = 2147483647;
			files = (
				929AF18B2845006500E43F51 /* ZespaceTests.swift in Sources */,
			);
			runOnlyForDeploymentPostprocessing = 0;
		};
		929AF18C2845006500E43F51 /* Sources */ = {
			isa = PBXSourcesBuildPhase;
			buildActionMask = 2147483647;
			files = (
				929AF1972845006500E43F51 /* ZespaceUITestsLaunchTests.swift in Sources */,
				929AF1952845006500E43F51 /* ZespaceUITests.swift in Sources */,
			);
			runOnlyForDeploymentPostprocessing = 0;
		};
/* End PBXSourcesBuildPhase section */

/* Begin PBXTargetDependency section */
		929AF1882845006500E43F51 /* PBXTargetDependency */ = {
			isa = PBXTargetDependency;
			target = 929AF1752845006100E43F51 /* Zescape */;
			targetProxy = 929AF1872845006500E43F51 /* PBXContainerItemProxy */;
		};
		929AF1922845006500E43F51 /* PBXTargetDependency */ = {
			isa = PBXTargetDependency;
			target = 929AF1752845006100E43F51 /* Zescape */;
			targetProxy = 929AF1912845006500E43F51 /* PBXContainerItemProxy */;
		};
/* End PBXTargetDependency section */

/* Begin XCBuildConfiguration section */
		929AF1982845006500E43F51 /* Debug */ = {
			isa = XCBuildConfiguration;
			buildSettings = {
				ALWAYS_SEARCH_USER_PATHS = NO;
				CLANG_ANALYZER_NONNULL = YES;
				CLANG_ANALYZER_NUMBER_OBJECT_CONVERSION = YES_AGGRESSIVE;
				CLANG_CXX_LANGUAGE_STANDARD = "gnu++17";
				CLANG_ENABLE_MODULES = YES;
				CLANG_ENABLE_OBJC_ARC = YES;
				CLANG_ENABLE_OBJC_WEAK = YES;
				CLANG_WARN_BLOCK_CAPTURE_AUTORELEASING = YES;
				CLANG_WARN_BOOL_CONVERSION = YES;
				CLANG_WARN_COMMA = YES;
				CLANG_WARN_CONSTANT_CONVERSION = YES;
				CLANG_WARN_DEPRECATED_OBJC_IMPLEMENTATIONS = YES;
				CLANG_WARN_DIRECT_OBJC_ISA_USAGE = YES_ERROR;
				CLANG_WARN_DOCUMENTATION_COMMENTS = YES;
				CLANG_WARN_EMPTY_BODY = YES;
				CLANG_WARN_ENUM_CONVERSION = YES;
				CLANG_WARN_INFINITE_RECURSION = YES;
				CLANG_WARN_INT_CONVERSION = YES;
				CLANG_WARN_NON_LITERAL_NULL_CONVERSION = YES;
				CLANG_WARN_OBJC_IMPLICIT_RETAIN_SELF = YES;
				CLANG_WARN_OBJC_LITERAL_CONVERSION = YES;
				CLANG_WARN_OBJC_ROOT_CLASS = YES_ERROR;
				CLANG_WARN_QUOTED_INCLUDE_IN_FRAMEWORK_HEADER = YES;
				CLANG_WARN_RANGE_LOOP_ANALYSIS = YES;
				CLANG_WARN_STRICT_PROTOTYPES = YES;
				CLANG_WARN_SUSPICIOUS_MOVE = YES;
				CLANG_WARN_UNGUARDED_AVAILABILITY = YES_AGGRESSIVE;
				CLANG_WARN_UNREACHABLE_CODE = YES;
				CLANG_WARN__DUPLICATE_METHOD_MATCH = YES;
				COPY_PHASE_STRIP = NO;
				DEBUG_INFORMATION_FORMAT = dwarf;
				ENABLE_STRICT_OBJC_MSGSEND = YES;
				ENABLE_TESTABILITY = YES;
				GCC_C_LANGUAGE_STANDARD = gnu11;
				GCC_DYNAMIC_NO_PIC = NO;
				GCC_NO_COMMON_BLOCKS = YES;
				GCC_OPTIMIZATION_LEVEL = 0;
				GCC_PREPROCESSOR_DEFINITIONS = (
					"DEBUG=1",
					"$(inherited)",
				);
				GCC_WARN_64_TO_32_BIT_CONVERSION = YES;
				GCC_WARN_ABOUT_RETURN_TYPE = YES_ERROR;
				GCC_WARN_UNDECLARED_SELECTOR = YES;
				GCC_WARN_UNINITIALIZED_AUTOS = YES_AGGRESSIVE;
				GCC_WARN_UNUSED_FUNCTION = YES;
				GCC_WARN_UNUSED_VARIABLE = YES;
				IPHONEOS_DEPLOYMENT_TARGET = 15.4;
				MTL_ENABLE_DEBUG_INFO = INCLUDE_SOURCE;
				MTL_FAST_MATH = YES;
				ONLY_ACTIVE_ARCH = YES;
				SDKROOT = iphoneos;
				SWIFT_ACTIVE_COMPILATION_CONDITIONS = DEBUG;
				SWIFT_OPTIMIZATION_LEVEL = "-Onone";
			};
			name = Debug;
		};
		929AF1992845006500E43F51 /* Release */ = {
			isa = XCBuildConfiguration;
			buildSettings = {
				ALWAYS_SEARCH_USER_PATHS = NO;
				CLANG_ANALYZER_NONNULL = YES;
				CLANG_ANALYZER_NUMBER_OBJECT_CONVERSION = YES_AGGRESSIVE;
				CLANG_CXX_LANGUAGE_STANDARD = "gnu++17";
				CLANG_ENABLE_MODULES = YES;
				CLANG_ENABLE_OBJC_ARC = YES;
				CLANG_ENABLE_OBJC_WEAK = YES;
				CLANG_WARN_BLOCK_CAPTURE_AUTORELEASING = YES;
				CLANG_WARN_BOOL_CONVERSION = YES;
				CLANG_WARN_COMMA = YES;
				CLANG_WARN_CONSTANT_CONVERSION = YES;
				CLANG_WARN_DEPRECATED_OBJC_IMPLEMENTATIONS = YES;
				CLANG_WARN_DIRECT_OBJC_ISA_USAGE = YES_ERROR;
				CLANG_WARN_DOCUMENTATION_COMMENTS = YES;
				CLANG_WARN_EMPTY_BODY = YES;
				CLANG_WARN_ENUM_CONVERSION = YES;
				CLANG_WARN_INFINITE_RECURSION = YES;
				CLANG_WARN_INT_CONVERSION = YES;
				CLANG_WARN_NON_LITERAL_NULL_CONVERSION = YES;
				CLANG_WARN_OBJC_IMPLICIT_RETAIN_SELF = YES;
				CLANG_WARN_OBJC_LITERAL_CONVERSION = YES;
				CLANG_WARN_OBJC_ROOT_CLASS = YES_ERROR;
				CLANG_WARN_QUOTED_INCLUDE_IN_FRAMEWORK_HEADER = YES;
				CLANG_WARN_RANGE_LOOP_ANALYSIS = YES;
				CLANG_WARN_STRICT_PROTOTYPES = YES;
				CLANG_WARN_SUSPICIOUS_MOVE = YES;
				CLANG_WARN_UNGUARDED_AVAILABILITY = YES_AGGRESSIVE;
				CLANG_WARN_UNREACHABLE_CODE = YES;
				CLANG_WARN__DUPLICATE_METHOD_MATCH = YES;
				COPY_PHASE_STRIP = NO;
				DEBUG_INFORMATION_FORMAT = "dwarf-with-dsym";
				ENABLE_NS_ASSERTIONS = NO;
				ENABLE_STRICT_OBJC_MSGSEND = YES;
				GCC_C_LANGUAGE_STANDARD = gnu11;
				GCC_NO_COMMON_BLOCKS = YES;
				GCC_WARN_64_TO_32_BIT_CONVERSION = YES;
				GCC_WARN_ABOUT_RETURN_TYPE = YES_ERROR;
				GCC_WARN_UNDECLARED_SELECTOR = YES;
				GCC_WARN_UNINITIALIZED_AUTOS = YES_AGGRESSIVE;
				GCC_WARN_UNUSED_FUNCTION = YES;
				GCC_WARN_UNUSED_VARIABLE = YES;
				IPHONEOS_DEPLOYMENT_TARGET = 15.4;
				MTL_ENABLE_DEBUG_INFO = NO;
				MTL_FAST_MATH = YES;
				SDKROOT = iphoneos;
				SWIFT_COMPILATION_MODE = wholemodule;
				SWIFT_OPTIMIZATION_LEVEL = "-O";
				VALIDATE_PRODUCT = YES;
			};
			name = Release;
		};
		929AF19B2845006500E43F51 /* Debug */ = {
			isa = XCBuildConfiguration;
			buildSettings = {
				ASSETCATALOG_COMPILER_APPICON_NAME = AppIcon;
				ASSETCATALOG_COMPILER_GLOBAL_ACCENT_COLOR_NAME = AccentColor;
				CODE_SIGN_IDENTITY = "iPhone Developer: Anthony MARQUET (C2732MJ562)";
				CODE_SIGN_STYLE = Manual;
				CURRENT_PROJECT_VERSION = 1;
				DEVELOPMENT_ASSET_PATHS = "\"Zescape/Preview Content\"";
				DEVELOPMENT_TEAM = KVW94B6WF8;
				ENABLE_PREVIEWS = YES;
				GENERATE_INFOPLIST_FILE = YES;
				INFOPLIST_FILE = "";
				INFOPLIST_KEY_NSCameraUsageDescription = "";
				INFOPLIST_KEY_UIApplicationSceneManifest_Generation = YES;
				INFOPLIST_KEY_UIApplicationSupportsIndirectInputEvents = YES;
				INFOPLIST_KEY_UILaunchScreen_Generation = YES;
				INFOPLIST_KEY_UISupportedInterfaceOrientations = UIInterfaceOrientationPortrait;
				INFOPLIST_KEY_UISupportedInterfaceOrientations_iPad = "UIInterfaceOrientationPortrait UIInterfaceOrientationPortraitUpsideDown UIInterfaceOrientationLandscapeLeft UIInterfaceOrientationLandscapeRight";
				INFOPLIST_KEY_UISupportedInterfaceOrientations_iPhone = "UIInterfaceOrientationPortrait UIInterfaceOrientationLandscapeLeft UIInterfaceOrientationLandscapeRight";
				LD_RUNPATH_SEARCH_PATHS = (
					"$(inherited)",
					"@executable_path/Frameworks",
				);
				MARKETING_VERSION = 0.1;
				PRODUCT_BUNDLE_IDENTIFIER = com.zenika.zescape;
				PRODUCT_NAME = Zescape;
				PROVISIONING_PROFILE_SPECIFIER = "ZEscape Dev";
				SWIFT_EMIT_LOC_STRINGS = YES;
				SWIFT_VERSION = 5.0;
				TARGETED_DEVICE_FAMILY = 1;
			};
			name = Debug;
		};
		929AF19C2845006500E43F51 /* Release */ = {
			isa = XCBuildConfiguration;
			buildSettings = {
				ASSETCATALOG_COMPILER_APPICON_NAME = AppIcon;
				ASSETCATALOG_COMPILER_GLOBAL_ACCENT_COLOR_NAME = AccentColor;
				CODE_SIGN_IDENTITY = "iPhone Developer: Anthony MARQUET (C2732MJ562)";
				CODE_SIGN_STYLE = Manual;
				CURRENT_PROJECT_VERSION = 1;
				DEVELOPMENT_ASSET_PATHS = "\"Zescape/Preview Content\"";
				DEVELOPMENT_TEAM = KVW94B6WF8;
				ENABLE_PREVIEWS = YES;
				GENERATE_INFOPLIST_FILE = YES;
				INFOPLIST_FILE = "";
				INFOPLIST_KEY_NSCameraUsageDescription = "";
				INFOPLIST_KEY_UIApplicationSceneManifest_Generation = YES;
				INFOPLIST_KEY_UIApplicationSupportsIndirectInputEvents = YES;
				INFOPLIST_KEY_UILaunchScreen_Generation = YES;
				INFOPLIST_KEY_UISupportedInterfaceOrientations = UIInterfaceOrientationPortrait;
				INFOPLIST_KEY_UISupportedInterfaceOrientations_iPad = "UIInterfaceOrientationPortrait UIInterfaceOrientationPortraitUpsideDown UIInterfaceOrientationLandscapeLeft UIInterfaceOrientationLandscapeRight";
				INFOPLIST_KEY_UISupportedInterfaceOrientations_iPhone = "UIInterfaceOrientationPortrait UIInterfaceOrientationLandscapeLeft UIInterfaceOrientationLandscapeRight";
				LD_RUNPATH_SEARCH_PATHS = (
					"$(inherited)",
					"@executable_path/Frameworks",
				);
				MARKETING_VERSION = 0.1;
				PRODUCT_BUNDLE_IDENTIFIER = com.zenika.zescape;
				PRODUCT_NAME = Zescape;
				PROVISIONING_PROFILE_SPECIFIER = "ZEscape Dev";
				SWIFT_EMIT_LOC_STRINGS = YES;
				SWIFT_VERSION = 5.0;
				TARGETED_DEVICE_FAMILY = 1;
			};
			name = Release;
		};
		929AF19E2845006500E43F51 /* Debug */ = {
			isa = XCBuildConfiguration;
			buildSettings = {
				ALWAYS_EMBED_SWIFT_STANDARD_LIBRARIES = YES;
				BUNDLE_LOADER = "$(TEST_HOST)";
				CODE_SIGN_STYLE = Manual;
				CURRENT_PROJECT_VERSION = 1;
				DEVELOPMENT_TEAM = "";
				GENERATE_INFOPLIST_FILE = YES;
				IPHONEOS_DEPLOYMENT_TARGET = 15.4;
				MARKETING_VERSION = 1.0;
				PRODUCT_BUNDLE_IDENTIFIER = com.zenika.zescape.ZespaceTests;
				PRODUCT_NAME = "$(TARGET_NAME)";
				PROVISIONING_PROFILE_SPECIFIER = "";
				"PROVISIONING_PROFILE_SPECIFIER[sdk=macosx*]" = "";
				SWIFT_EMIT_LOC_STRINGS = NO;
				SWIFT_VERSION = 5.0;
				TARGETED_DEVICE_FAMILY = "1,2";
				TEST_HOST = "$(BUILT_PRODUCTS_DIR)/Zescape.app/Zescape";
			};
			name = Debug;
		};
		929AF19F2845006500E43F51 /* Release */ = {
			isa = XCBuildConfiguration;
			buildSettings = {
				ALWAYS_EMBED_SWIFT_STANDARD_LIBRARIES = YES;
				BUNDLE_LOADER = "$(TEST_HOST)";
				CODE_SIGN_STYLE = Manual;
				CURRENT_PROJECT_VERSION = 1;
				DEVELOPMENT_TEAM = "";
				GENERATE_INFOPLIST_FILE = YES;
				IPHONEOS_DEPLOYMENT_TARGET = 15.4;
				MARKETING_VERSION = 1.0;
				PRODUCT_BUNDLE_IDENTIFIER = com.zenika.zescape.ZespaceTests;
				PRODUCT_NAME = "$(TARGET_NAME)";
				PROVISIONING_PROFILE_SPECIFIER = "";
				"PROVISIONING_PROFILE_SPECIFIER[sdk=macosx*]" = "";
				SWIFT_EMIT_LOC_STRINGS = NO;
				SWIFT_VERSION = 5.0;
				TARGETED_DEVICE_FAMILY = "1,2";
				TEST_HOST = "$(BUILT_PRODUCTS_DIR)/Zescape.app/Zescape";
			};
			name = Release;
		};
		929AF1A12845006500E43F51 /* Debug */ = {
			isa = XCBuildConfiguration;
			buildSettings = {
				ALWAYS_EMBED_SWIFT_STANDARD_LIBRARIES = YES;
				CODE_SIGN_STYLE = Manual;
				CURRENT_PROJECT_VERSION = 1;
				DEVELOPMENT_TEAM = "";
				GENERATE_INFOPLIST_FILE = YES;
				MARKETING_VERSION = 1.0;
				PRODUCT_BUNDLE_IDENTIFIER = com.zenika.zescape.ZespaceUITests;
				PRODUCT_NAME = "$(TARGET_NAME)";
				PROVISIONING_PROFILE_SPECIFIER = "";
				"PROVISIONING_PROFILE_SPECIFIER[sdk=macosx*]" = "";
				SWIFT_EMIT_LOC_STRINGS = NO;
				SWIFT_VERSION = 5.0;
				TARGETED_DEVICE_FAMILY = "1,2";
				TEST_TARGET_NAME = Zespace;
			};
			name = Debug;
		};
		929AF1A22845006500E43F51 /* Release */ = {
			isa = XCBuildConfiguration;
			buildSettings = {
				ALWAYS_EMBED_SWIFT_STANDARD_LIBRARIES = YES;
				CODE_SIGN_STYLE = Manual;
				CURRENT_PROJECT_VERSION = 1;
				DEVELOPMENT_TEAM = "";
				GENERATE_INFOPLIST_FILE = YES;
				MARKETING_VERSION = 1.0;
				PRODUCT_BUNDLE_IDENTIFIER = com.zenika.zescape.ZespaceUITests;
				PRODUCT_NAME = "$(TARGET_NAME)";
				PROVISIONING_PROFILE_SPECIFIER = "";
				"PROVISIONING_PROFILE_SPECIFIER[sdk=macosx*]" = "";
				SWIFT_EMIT_LOC_STRINGS = NO;
				SWIFT_VERSION = 5.0;
				TARGETED_DEVICE_FAMILY = "1,2";
				TEST_TARGET_NAME = Zespace;
			};
			name = Release;
		};
/* End XCBuildConfiguration section */

/* Begin XCConfigurationList section */
		929AF1712845006100E43F51 /* Build configuration list for PBXProject "Zescape" */ = {
			isa = XCConfigurationList;
			buildConfigurations = (
				929AF1982845006500E43F51 /* Debug */,
				929AF1992845006500E43F51 /* Release */,
			);
			defaultConfigurationIsVisible = 0;
			defaultConfigurationName = Release;
		};
		929AF19A2845006500E43F51 /* Build configuration list for PBXNativeTarget "Zescape" */ = {
			isa = XCConfigurationList;
			buildConfigurations = (
				929AF19B2845006500E43F51 /* Debug */,
				929AF19C2845006500E43F51 /* Release */,
			);
			defaultConfigurationIsVisible = 0;
			defaultConfigurationName = Release;
		};
		929AF19D2845006500E43F51 /* Build configuration list for PBXNativeTarget "ZescapeTests" */ = {
			isa = XCConfigurationList;
			buildConfigurations = (
				929AF19E2845006500E43F51 /* Debug */,
				929AF19F2845006500E43F51 /* Release */,
			);
			defaultConfigurationIsVisible = 0;
			defaultConfigurationName = Release;
		};
		929AF1A02845006500E43F51 /* Build configuration list for PBXNativeTarget "ZescapeUITests" */ = {
			isa = XCConfigurationList;
			buildConfigurations = (
				929AF1A12845006500E43F51 /* Debug */,
				929AF1A22845006500E43F51 /* Release */,
			);
			defaultConfigurationIsVisible = 0;
			defaultConfigurationName = Release;
		};
/* End XCConfigurationList section */

/* Begin XCRemoteSwiftPackageReference section */
		92C48CC32847AF11001C83F8 /* XCRemoteSwiftPackageReference "CodeScanner" */ = {
			isa = XCRemoteSwiftPackageReference;
			repositoryURL = "https://github.com/twostraws/CodeScanner.git";
			requirement = {
				branch = main;
				kind = branch;
			};
		};
/* End XCRemoteSwiftPackageReference section */

/* Begin XCSwiftPackageProductDependency section */
		92C48CC42847AF11001C83F8 /* CodeScanner */ = {
			isa = XCSwiftPackageProductDependency;
			package = 92C48CC32847AF11001C83F8 /* XCRemoteSwiftPackageReference "CodeScanner" */;
			productName = CodeScanner;
		};
/* End XCSwiftPackageProductDependency section */
	};
	rootObject = 929AF16E2845006100E43F51 /* Project object */;
}
